
Microsoft Visual Studio Solution File, Format Version 11.00
# Visual Studio 2010
Project("{8BC9CEB8-8B4A-11D0-8D11-00A0C91BC942}") = "sunnyCal", "sunnyCal.vcxproj", "{5AEA03FD-EA5A-45BA-B678-B5E51F3EF085}"
EndProject
Project("{8BC9CEB8-8B4A-11D0-8D11-00A0C91BC942}") = "CMTNT1", "CMTNT1\CMTNT1.vcxproj", "{C69D0FD5-6C91-413D-BEB5-0F76A585C421}"
EndProject
Project("{8BC9CEB8-8B4A-11D0-8D11-00A0C91BC942}") = "COMT1", "COMT1\COMT1.vcxproj", "{AC6392E3-24C2-4E3D-90CA-58BB0BB625E3}"
EndProject
Project("{8BC9CEB8-8B4A-11D0-8D11-00A0C91BC942}") = "COMT2", "COMT2\COMT2.vcxproj", "{D0CB77F7-B54A-4E9E-ABE9-239F5CD19C6A}"
EndProject
Project("{8BC9CEB8-8B4A-11D0-8D11-00A0C91BC942}") = "COMT12", "COMT12\COMT12.vcxproj", "{E24F65B6-EFA1-4C6A-908C-BB5725979456}"
EndProject
Project("{8BC9CEB8-8B4A-11D0-8D11-00A0C91BC942}") = "COMT123", "COMT123\COMT123.vcxproj", "{FC4398BD-24E5-4EA8-BEB2-41A1A50C5FD3}"
EndProject
Global
	GlobalSection(SolutionConfigurationPlatforms) = preSolution
		Debug|Win32 = Debug|Win32
		Release|Win32 = Release|Win32
	EndGlobalSection
	GlobalSection(ProjectConfigurationPlatforms) = postSolution
		{5AEA03FD-EA5A-45BA-B678-B5E51F3EF085}.Debug|Win32.ActiveCfg = Debug|Win32
		{5AEA03FD-EA5A-45BA-B678-B5E51F3EF085}.Debug|Win32.Build.0 = Debug|Win32
		{5AEA03FD-EA5A-45BA-B678-B5E51F3EF085}.Release|Win32.ActiveCfg = Release|Win32
		{5AEA03FD-EA5A-45BA-B678-B5E51F3EF085}.Release|Win32.Build.0 = Release|Win32
		{C69D0FD5-6C91-413D-BEB5-0F76A585C421}.Debug|Win32.ActiveCfg = Debug|Win32
		{C69D0FD5-6C91-413D-BEB5-0F76A585C421}.Debug|Win32.Build.0 = Debug|Win32
		{C69D0FD5-6C91-413D-BEB5-0F76A585C421}.Release|Win32.ActiveCfg = Release|Win32
		{C69D0FD5-6C91-413D-BEB5-0F76A585C421}.Release|Win32.Build.0 = Release|Win32
		{AC6392E3-24C2-4E3D-90CA-58BB0BB625E3}.Debug|Win32.ActiveCfg = Debug|Win32
		{AC6392E3-24C2-4E3D-90CA-58BB0BB625E3}.Debug|Win32.Build.0 = Debug|Win32
		{AC6392E3-24C2-4E3D-90CA-58BB0BB625E3}.Release|Win32.ActiveCfg = Release|Win32
		{AC6392E3-24C2-4E3D-90CA-58BB0BB625E3}.Release|Win32.Build.0 = Release|Win32
		{D0CB77F7-B54A-4E9E-ABE9-239F5CD19C6A}.Debug|Win32.ActiveCfg = Debug|Win32
		{D0CB77F7-B54A-4E9E-ABE9-239F5CD19C6A}.Debug|Win32.Build.0 = Debug|Win32
		{D0CB77F7-B54A-4E9E-ABE9-239F5CD19C6A}.Release|Win32.ActiveCfg = Release|Win32
		{D0CB77F7-B54A-4E9E-ABE9-239F5CD19C6A}.Release|Win32.Build.0 = Release|Win32
		{E24F65B6-EFA1-4C6A-908C-BB5725979456}.Debug|Win32.ActiveCfg = Debug|Win32
		{E24F65B6-EFA1-4C6A-908C-BB5725979456}.Debug|Win32.Build.0 = Debug|Win32
		{E24F65B6-EFA1-4C6A-908C-BB5725979456}.Release|Win32.ActiveCfg = Release|Win32
		{E24F65B6-EFA1-4C6A-908C-BB5725979456}.Release|Win32.Build.0 = Release|Win32
		{FC4398BD-24E5-4EA8-BEB2-41A1A50C5FD3}.Debug|Win32.ActiveCfg = Debug|Win32
		{FC4398BD-24E5-4EA8-BEB2-41A1A50C5FD3}.Debug|Win32.Build.0 = Debug|Win32
		{FC4398BD-24E5-4EA8-BEB2-41A1A50C5FD3}.Release|Win32.ActiveCfg = Release|Win32
		{FC4398BD-24E5-4EA8-BEB2-41A1A50C5FD3}.Release|Win32.Build.0 = Release|Win32
	EndGlobalSection
	GlobalSection(SolutionProperties) = preSolution
		HideSolutionNode = FALSE
	EndGlobalSection
EndGlobal
